
Microsoft Visual Studio Solution File, Format Version 12.00
# Visual Studio 14
VisualStudioVersion = 14.0.25420.1
MinimumVisualStudioVersion = 10.0.40219.1
Project("{2150E333-8FDC-42A3-9474-1A3956D46DE8}") = "src", "src", "{B8A435DF-7D67-462F-A8B6-59628FE62447}"
EndProject
Project("{2150E333-8FDC-42A3-9474-1A3956D46DE8}") = "Solution Items", "Solution Items", "{88D6D7AC-D1DF-491C-9998-37E87FBF29B6}"
	ProjectSection(SolutionItems) = preProject
		global.json = global.json
	EndProjectSection
EndProject
Project("{8BB2217D-0F2D-49D1-97BC-3654ED321F3B}") = "hexx-raid", "src\hexx-raid\hexx-raid.xproj", "{53A8730B-54A8-4613-9298-E9E14242C304}"
EndProject
Project("{8BB2217D-0F2D-49D1-97BC-3654ED321F3B}") = "sso-token-generator", "src\sso-token-generator\sso-token-generator.xproj", "{6B1773EB-07B1-43A6-BDA8-D36AE9875FAE}"
EndProject
Global
	GlobalSection(SolutionConfigurationPlatforms) = preSolution
		Debug|Any CPU = Debug|Any CPU
		Release|Any CPU = Release|Any CPU
	EndGlobalSection
	GlobalSection(ProjectConfigurationPlatforms) = postSolution
		{53A8730B-54A8-4613-9298-E9E14242C304}.Debug|Any CPU.ActiveCfg = Debug|Any CPU
		{53A8730B-54A8-4613-9298-E9E14242C304}.Debug|Any CPU.Build.0 = Debug|Any CPU
		{53A8730B-54A8-4613-9298-E9E14242C304}.Release|Any CPU.ActiveCfg = Release|Any CPU
		{53A8730B-54A8-4613-9298-E9E14242C304}.Release|Any CPU.Build.0 = Release|Any CPU
		{6B1773EB-07B1-43A6-BDA8-D36AE9875FAE}.Debug|Any CPU.ActiveCfg = Debug|Any CPU
		{6B1773EB-07B1-43A6-BDA8-D36AE9875FAE}.Debug|Any CPU.Build.0 = Debug|Any CPU
		{6B1773EB-07B1-43A6-BDA8-D36AE9875FAE}.Release|Any CPU.ActiveCfg = Release|Any CPU
		{6B1773EB-07B1-43A6-BDA8-D36AE9875FAE}.Release|Any CPU.Build.0 = Release|Any CPU
	EndGlobalSection
	GlobalSection(SolutionProperties) = preSolution
		HideSolutionNode = FALSE
	EndGlobalSection
	GlobalSection(NestedProjects) = preSolution
		{53A8730B-54A8-4613-9298-E9E14242C304} = {B8A435DF-7D67-462F-A8B6-59628FE62447}
		{6B1773EB-07B1-43A6-BDA8-D36AE9875FAE} = {B8A435DF-7D67-462F-A8B6-59628FE62447}
	EndGlobalSection
EndGlobal
